
Microsoft Visual Studio Solution File, Format Version 12.00
# Visual Studio Version 17
VisualStudioVersion = 17.0.31903.59
MinimumVisualStudioVersion = 10.0.40219.1
Project("{FAE04EC0-301F-11D3-BF4B-00C04F79EFBC}") = "Core.MemoryBroker", "Core.MemoryBroker\Core.MemoryBroker.csproj", "{A3D5D181-30D3-43F9-9C2A-533214C6A18D}"
EndProject
Project("{FAE04EC0-301F-11D3-BF4B-00C04F79EFBC}") = "Simulator.DataPipeline", "Simulator.DataPipeline\Simulator.DataPipeline.csproj", "{D0728AF3-004A-4485-BC3D-9758F3B8791B}"
EndProject
Project("{FAE04EC0-301F-11D3-BF4B-00C04F79EFBC}") = "Tests.Benchmarks", "Tests.Benchmarks\Tests.Benchmarks.csproj", "{EF4215BA-99E4-468B-A825-C037CF4B3D5F}"
EndProject
Project("{FAE04EC0-301F-11D3-BF4B-00C04F79EFBC}") = "AddIn.ExcelDNA", "AddIn.ExcelDNA\AddIn.ExcelDNA.csproj", "{FA976816-1048-4C9C-A9F3-ADDC789DF555}"
EndProject
Project("{FAE04EC0-301F-11D3-BF4B-00C04F79EFBC}") = "AddIn.VSTO", "AddIn.VSTO\AddIn.VSTO.csproj", "{A1B2C3D4-E5F6-4A7B-8C9D-0E1F2A3B4C5D}"
EndProject
Global
	GlobalSection(SolutionConfigurationPlatforms) = preSolution
		Debug|Any CPU = Debug|Any CPU
		Debug|x64 = Debug|x64
		Debug|x86 = Debug|x86
		Release|Any CPU = Release|Any CPU
		Release|x64 = Release|x64
		Release|x86 = Release|x86
	EndGlobalSection
	GlobalSection(ProjectConfigurationPlatforms) = postSolution
		{A3D5D181-30D3-43F9-9C2A-533214C6A18D}.Debug|Any CPU.ActiveCfg = Debug|Any CPU
		{A3D5D181-30D3-43F9-9C2A-533214C6A18D}.Debug|Any CPU.Build.0 = Debug|Any CPU
		{A3D5D181-30D3-43F9-9C2A-533214C6A18D}.Debug|x64.ActiveCfg = Debug|Any CPU
		{A3D5D181-30D3-43F9-9C2A-533214C6A18D}.Debug|x64.Build.0 = Debug|Any CPU
		{A3D5D181-30D3-43F9-9C2A-533214C6A18D}.Debug|x86.ActiveCfg = Debug|Any CPU
		{A3D5D181-30D3-43F9-9C2A-533214C6A18D}.Debug|x86.Build.0 = Debug|Any CPU
		{A3D5D181-30D3-43F9-9C2A-533214C6A18D}.Release|Any CPU.ActiveCfg = Release|Any CPU
		{A3D5D181-30D3-43F9-9C2A-533214C6A18D}.Release|Any CPU.Build.0 = Release|Any CPU
		{A3D5D181-30D3-43F9-9C2A-533214C6A18D}.Release|x64.ActiveCfg = Release|Any CPU
		{A3D5D181-30D3-43F9-9C2A-533214C6A18D}.Release|x64.Build.0 = Release|Any CPU
		{A3D5D181-30D3-43F9-9C2A-533214C6A18D}.Release|x86.ActiveCfg = Release|Any CPU
		{A3D5D181-30D3-43F9-9C2A-533214C6A18D}.Release|x86.Build.0 = Release|Any CPU
		{D0728AF3-004A-4485-BC3D-9758F3B8791B}.Debug|Any CPU.ActiveCfg = Debug|Any CPU
		{D0728AF3-004A-4485-BC3D-9758F3B8791B}.Debug|Any CPU.Build.0 = Debug|Any CPU
		{D0728AF3-004A-4485-BC3D-9758F3B8791B}.Debug|x64.ActiveCfg = Debug|Any CPU
		{D0728AF3-004A-4485-BC3D-9758F3B8791B}.Debug|x64.Build.0 = Debug|Any CPU
		{D0728AF3-004A-4485-BC3D-9758F3B8791B}.Debug|x86.ActiveCfg = Debug|Any CPU
		{D0728AF3-004A-4485-BC3D-9758F3B8791B}.Debug|x86.Build.0 = Debug|Any CPU
		{D0728AF3-004A-4485-BC3D-9758F3B8791B}.Release|Any CPU.ActiveCfg = Release|Any CPU
		{D0728AF3-004A-4485-BC3D-9758F3B8791B}.Release|Any CPU.Build.0 = Release|Any CPU
		{D0728AF3-004A-4485-BC3D-9758F3B8791B}.Release|x64.ActiveCfg = Release|Any CPU
		{D0728AF3-004A-4485-BC3D-9758F3B8791B}.Release|x64.Build.0 = Release|Any CPU
		{D0728AF3-004A-4485-BC3D-9758F3B8791B}.Release|x86.ActiveCfg = Release|Any CPU
		{D0728AF3-004A-4485-BC3D-9758F3B8791B}.Release|x86.Build.0 = Release|Any CPU
		{EF4215BA-99E4-468B-A825-C037CF4B3D5F}.Debug|Any CPU.ActiveCfg = Debug|Any CPU
		{EF4215BA-99E4-468B-A825-C037CF4B3D5F}.Debug|Any CPU.Build.0 = Debug|Any CPU
		{EF4215BA-99E4-468B-A825-C037CF4B3D5F}.Debug|x64.ActiveCfg = Debug|Any CPU
		{EF4215BA-99E4-468B-A825-C037CF4B3D5F}.Debug|x64.Build.0 = Debug|Any CPU
		{EF4215BA-99E4-468B-A825-C037CF4B3D5F}.Debug|x86.ActiveCfg = Debug|Any CPU
		{EF4215BA-99E4-468B-A825-C037CF4B3D5F}.Debug|x86.Build.0 = Debug|Any CPU
		{EF4215BA-99E4-468B-A825-C037CF4B3D5F}.Release|Any CPU.ActiveCfg = Release|Any CPU
		{EF4215BA-99E4-468B-A825-C037CF4B3D5F}.Release|Any CPU.Build.0 = Release|Any CPU
		{EF4215BA-99E4-468B-A825-C037CF4B3D5F}.Release|x64.ActiveCfg = Release|Any CPU
		{EF4215BA-99E4-468B-A825-C037CF4B3D5F}.Release|x64.Build.0 = Release|Any CPU
		{EF4215BA-99E4-468B-A825-C037CF4B3D5F}.Release|x86.ActiveCfg = Release|Any CPU
		{EF4215BA-99E4-468B-A825-C037CF4B3D5F}.Release|x86.Build.0 = Release|Any CPU
		{FA976816-1048-4C9C-A9F3-ADDC789DF555}.Debug|Any CPU.ActiveCfg = Debug|Any CPU
		{FA976816-1048-4C9C-A9F3-ADDC789DF555}.Debug|Any CPU.Build.0 = Debug|Any CPU
		{FA976816-1048-4C9C-A9F3-ADDC789DF555}.Debug|x64.ActiveCfg = Debug|Any CPU
		{FA976816-1048-4C9C-A9F3-ADDC789DF555}.Debug|x64.Build.0 = Debug|Any CPU
		{FA976816-1048-4C9C-A9F3-ADDC789DF555}.Debug|x86.ActiveCfg = Debug|Any CPU
		{FA976816-1048-4C9C-A9F3-ADDC789DF555}.Debug|x86.Build.0 = Debug|Any CPU
		{FA976816-1048-4C9C-A9F3-ADDC789DF555}.Release|Any CPU.ActiveCfg = Release|Any CPU
		{FA976816-1048-4C9C-A9F3-ADDC789DF555}.Release|Any CPU.Build.0 = Release|Any CPU
		{FA976816-1048-4C9C-A9F3-ADDC789DF555}.Release|x64.ActiveCfg = Release|Any CPU
		{FA976816-1048-4C9C-A9F3-ADDC789DF555}.Release|x64.Build.0 = Release|Any CPU
		{FA976816-1048-4C9C-A9F3-ADDC789DF555}.Release|x86.ActiveCfg = Release|Any CPU
		{FA976816-1048-4C9C-A9F3-ADDC789DF555}.Release|x86.Build.0 = Release|Any CPU
		{A1B2C3D4-E5F6-4A7B-8C9D-0E1F2A3B4C5D}.Debug|Any CPU.ActiveCfg = Debug|Any CPU
		{A1B2C3D4-E5F6-4A7B-8C9D-0E1F2A3B4C5D}.Debug|Any CPU.Build.0 = Debug|Any CPU
		{A1B2C3D4-E5F6-4A7B-8C9D-0E1F2A3B4C5D}.Debug|x64.ActiveCfg = Debug|Any CPU
		{A1B2C3D4-E5F6-4A7B-8C9D-0E1F2A3B4C5D}.Debug|x64.Build.0 = Debug|Any CPU
		{A1B2C3D4-E5F6-4A7B-8C9D-0E1F2A3B4C5D}.Debug|x86.ActiveCfg = Debug|Any CPU
		{A1B2C3D4-E5F6-4A7B-8C9D-0E1F2A3B4C5D}.Debug|x86.Build.0 = Debug|Any CPU
		{A1B2C3D4-E5F6-4A7B-8C9D-0E1F2A3B4C5D}.Release|Any CPU.ActiveCfg = Release|Any CPU
		{A1B2C3D4-E5F6-4A7B-8C9D-0E1F2A3B4C5D}.Release|Any CPU.Build.0 = Release|Any CPU
		{A1B2C3D4-E5F6-4A7B-8C9D-0E1F2A3B4C5D}.Release|x64.ActiveCfg = Release|Any CPU
		{A1B2C3D4-E5F6-4A7B-8C9D-0E1F2A3B4C5D}.Release|x64.Build.0 = Release|Any CPU
		{A1B2C3D4-E5F6-4A7B-8C9D-0E1F2A3B4C5D}.Release|x86.ActiveCfg = Release|Any CPU
		{A1B2C3D4-E5F6-4A7B-8C9D-0E1F2A3B4C5D}.Release|x86.Build.0 = Release|Any CPU
	EndGlobalSection
	GlobalSection(SolutionProperties) = preSolution
		HideSolutionNode = FALSE
	EndGlobalSection
EndGlobal
